Microsoft Visual Studio Solution File, Format Version 12.00
# Visual Studio 2015
Project("{2150E333-8FDC-42A3-9474-1A3956D46DE8}") = "(base)", ".", "{1AF5C76A-46B7-C085-8BC3-35371233CE99}"
EndProject
Project("{2150E333-8FDC-42A3-9474-1A3956D46DE8}") = "(boringssl)", "..\..\third_party\boringssl", "{A61E3996-0F5C-13FF-A66C-687E01FA93A4}"
EndProject
Project("{2150E333-8FDC-42A3-9474-1A3956D46DE8}") = "(system_wrappers)", "..\system_wrappers", "{C22DCE09-BE8E-C79C-FFD0-C3927B546C91}"
EndProject
Project("{2150E333-8FDC-42A3-9474-1A3956D46DE8}") = "(test)", "..\test", "{46835DB2-71BA-66C0-5A55-04D9E2C70AA8}"
EndProject
Project("{2150E333-8FDC-42A3-9474-1A3956D46DE8}") = "(testing)", "..\..\testing", "{EAC80D00-01D2-3F49-A377-20B7154947F3}"
EndProject
Project("{2150E333-8FDC-42A3-9474-1A3956D46DE8}") = "(third_party)", "..\..\third_party", "{89C816A7-DD31-D54C-C69C-5A80E0C49B77}"
EndProject
Project("{2150E333-8FDC-42A3-9474-1A3956D46DE8}") = "(webrtc)", "..", "{FB3E20CC-9516-F7D2-EFF7-C27ABDCA54B9}"
EndProject
Project("{2150E333-8FDC-42A3-9474-1A3956D46DE8}") = "(yasm)", "..\..\third_party\yasm", "{AC6A79C6-25A5-8535-37D4-DCE797519D55}"
EndProject
Project("{8BC9CEB8-8B4A-11D0-8D11-00A0C91BC942}") = "boringssl", "..\..\third_party\boringssl\boringssl.vcxproj", "{23D79827-E423-BA46-5AD6-622B0828F65C}"
EndProject
Project("{8BC9CEB8-8B4A-11D0-8D11-00A0C91BC942}") = "boringssl_asm", "..\..\third_party\boringssl\boringssl_asm.vcxproj", "{D012ED19-4A98-F0D4-84F0-0B4BB618D548}"
EndProject
Project("{8BC9CEB8-8B4A-11D0-8D11-00A0C91BC942}") = "config_sources", "..\..\third_party\yasm\config_sources.vcxproj", "{B555AE61-3304-C74D-1357-940A469974C4}"
EndProject
Project("{8BC9CEB8-8B4A-11D0-8D11-00A0C91BC942}") = "field_trial", "..\test\field_trial.vcxproj", "{70D0C577-EE1A-1784-0562-171BFB04F7C3}"
EndProject
Project("{8BC9CEB8-8B4A-11D0-8D11-00A0C91BC942}") = "field_trial_default", "..\system_wrappers\field_trial_default.vcxproj", "{362C78A5-EFDF-FC91-F112-B13A3FDAE8A0}"
EndProject
Project("{8BC9CEB8-8B4A-11D0-8D11-00A0C91BC942}") = "generate_files", "..\..\third_party\yasm\generate_files.vcxproj", "{7F73F25C-224B-D158-49A3-A0D8FD47D0A3}"
EndProject
Project("{8BC9CEB8-8B4A-11D0-8D11-00A0C91BC942}") = "genmacro", "..\..\third_party\yasm\genmacro.vcxproj", "{816508C7-F0FC-8E04-ECF9-CD82F9D095D4}"
EndProject
Project("{8BC9CEB8-8B4A-11D0-8D11-00A0C91BC942}") = "genmodule", "..\..\third_party\yasm\genmodule.vcxproj", "{6DB5CE13-639C-A11C-E2A3-D1B1C8DA4271}"
EndProject
Project("{8BC9CEB8-8B4A-11D0-8D11-00A0C91BC942}") = "genperf", "..\..\third_party\yasm\genperf.vcxproj", "{04DA42DA-0081-C673-D5CD-8CC8F63199B0}"
EndProject
Project("{8BC9CEB8-8B4A-11D0-8D11-00A0C91BC942}") = "genperf_libs", "..\..\third_party\yasm\genperf_libs.vcxproj", "{FB45E867-5012-7E6B-4990-EA51A6D55EC6}"
EndProject
Project("{8BC9CEB8-8B4A-11D0-8D11-00A0C91BC942}") = "genstring", "..\..\third_party\yasm\genstring.vcxproj", "{DE291AF5-6AD2-BD98-BBE7-C42FFD1EA57E}"
EndProject
Project("{8BC9CEB8-8B4A-11D0-8D11-00A0C91BC942}") = "genversion", "..\..\third_party\yasm\genversion.vcxproj", "{71BE6D73-D298-0EEF-A896-0ABB45764964}"
EndProject
Project("{8BC9CEB8-8B4A-11D0-8D11-00A0C91BC942}") = "gmock", "..\..\testing\gmock.vcxproj", "{D822332C-4E10-95DA-CD7B-92DFD2BC19A2}"
EndProject
Project("{8BC9CEB8-8B4A-11D0-8D11-00A0C91BC942}") = "gtest", "..\..\testing\gtest.vcxproj", "{E72F768A-94C5-F56D-6D09-2D6BBCC1C711}"
EndProject
Project("{8BC9CEB8-8B4A-11D0-8D11-00A0C91BC942}") = "gtest_prod", "gtest_prod.vcxproj", "{39EFAA40-DA18-0EDB-6212-459B19E48BB3}"
EndProject
Project("{8BC9CEB8-8B4A-11D0-8D11-00A0C91BC942}") = "gtest_prod", "..\..\testing\gtest_prod.vcxproj", "{4DCD256C-B345-89A3-7AA2-A189E00F12A4}"
EndProject
Project("{8BC9CEB8-8B4A-11D0-8D11-00A0C91BC942}") = "jsoncpp", "..\..\third_party\jsoncpp\jsoncpp.vcxproj", "{6F671C55-9F91-D8A2-C8A2-29244B3477B4}"
EndProject
Project("{8BC9CEB8-8B4A-11D0-8D11-00A0C91BC942}") = "re2c", "..\..\third_party\yasm\re2c.vcxproj", "{F44797FB-474D-87A7-7D47-C3B54FFBAA49}"
EndProject
Project("{8BC9CEB8-8B4A-11D0-8D11-00A0C91BC942}") = "rtc_base", "rtc_base.vcxproj", "{93F855F4-EE6F-F00D-F4A3-35577B1D5F76}"
EndProject
Project("{8BC9CEB8-8B4A-11D0-8D11-00A0C91BC942}") = "rtc_base_approved", "rtc_base_approved.vcxproj", "{510DEDDC-ED2F-0A3B-ABE1-F7F1E6D75CF8}"
EndProject
Project("{8BC9CEB8-8B4A-11D0-8D11-00A0C91BC942}") = "rtc_base_tests_utils", "rtc_base_tests_utils.vcxproj", "{75336421-5BDA-9483-5001-D0CEEED08F7C}"
EndProject
Project("{8BC9CEB8-8B4A-11D0-8D11-00A0C91BC942}") = "system_wrappers", "..\system_wrappers\system_wrappers.vcxproj", "{16FE3FD5-AA01-BD2A-2BFF-7785FFEDEDEC}"
EndProject
Project("{8BC9CEB8-8B4A-11D0-8D11-00A0C91BC942}") = "test_support", "..\test\test_support.vcxproj", "{D94ABCBC-157E-B835-7C0A-CA0464781D84}"
EndProject
Project("{8BC9CEB8-8B4A-11D0-8D11-00A0C91BC942}") = "webrtc_common", "..\webrtc_common.vcxproj", "{4E00D9E2-1F74-8D2E-1878-DCFE215138F5}"
EndProject
Project("{8BC9CEB8-8B4A-11D0-8D11-00A0C91BC942}") = "yasm", "..\..\third_party\yasm\yasm.vcxproj", "{F336733B-E5B6-B67B-2713-5DF1FC74E51B}"
EndProject
Global
	GlobalSection(SolutionConfigurationPlatforms) = preSolution
		Debug|x64 = Debug|x64
		Debug|Win32 = Debug|Win32
		Release|x64 = Release|x64
		Release|Win32 = Release|Win32
	EndGlobalSection
	GlobalSection(ProjectConfigurationPlatforms) = postSolution
		{04DA42DA-0081-C673-D5CD-8CC8F63199B0}.Debug|x64.ActiveCfg = Debug|x64
		{04DA42DA-0081-C673-D5CD-8CC8F63199B0}.Debug|x64.Build.0 = Debug|x64
		{04DA42DA-0081-C673-D5CD-8CC8F63199B0}.Debug|Win32.ActiveCfg = Debug|Win32
		{04DA42DA-0081-C673-D5CD-8CC8F63199B0}.Debug|Win32.Build.0 = Debug|Win32
		{04DA42DA-0081-C673-D5CD-8CC8F63199B0}.Release|x64.ActiveCfg = Release|x64
		{04DA42DA-0081-C673-D5CD-8CC8F63199B0}.Release|x64.Build.0 = Release|x64
		{04DA42DA-0081-C673-D5CD-8CC8F63199B0}.Release|Win32.ActiveCfg = Release|Win32
		{04DA42DA-0081-C673-D5CD-8CC8F63199B0}.Release|Win32.Build.0 = Release|Win32
		{16FE3FD5-AA01-BD2A-2BFF-7785FFEDEDEC}.Debug|x64.ActiveCfg = Debug|x64
		{16FE3FD5-AA01-BD2A-2BFF-7785FFEDEDEC}.Debug|x64.Build.0 = Debug|x64
		{16FE3FD5-AA01-BD2A-2BFF-7785FFEDEDEC}.Debug|Win32.ActiveCfg = Debug|Win32
		{16FE3FD5-AA01-BD2A-2BFF-7785FFEDEDEC}.Debug|Win32.Build.0 = Debug|Win32
		{16FE3FD5-AA01-BD2A-2BFF-7785FFEDEDEC}.Release|x64.ActiveCfg = Release|x64
		{16FE3FD5-AA01-BD2A-2BFF-7785FFEDEDEC}.Release|x64.Build.0 = Release|x64
		{16FE3FD5-AA01-BD2A-2BFF-7785FFEDEDEC}.Release|Win32.ActiveCfg = Release|Win32
		{16FE3FD5-AA01-BD2A-2BFF-7785FFEDEDEC}.Release|Win32.Build.0 = Release|Win32
		{23D79827-E423-BA46-5AD6-622B0828F65C}.Debug|x64.ActiveCfg = Debug|x64
		{23D79827-E423-BA46-5AD6-622B0828F65C}.Debug|x64.Build.0 = Debug|x64
		{23D79827-E423-BA46-5AD6-622B0828F65C}.Debug|Win32.ActiveCfg = Debug|Win32
		{23D79827-E423-BA46-5AD6-622B0828F65C}.Debug|Win32.Build.0 = Debug|Win32
		{23D79827-E423-BA46-5AD6-622B0828F65C}.Release|x64.ActiveCfg = Release|x64
		{23D79827-E423-BA46-5AD6-622B0828F65C}.Release|x64.Build.0 = Release|x64
		{23D79827-E423-BA46-5AD6-622B0828F65C}.Release|Win32.ActiveCfg = Release|Win32
		{23D79827-E423-BA46-5AD6-622B0828F65C}.Release|Win32.Build.0 = Release|Win32
		{362C78A5-EFDF-FC91-F112-B13A3FDAE8A0}.Debug|x64.ActiveCfg = Debug|x64
		{362C78A5-EFDF-FC91-F112-B13A3FDAE8A0}.Debug|x64.Build.0 = Debug|x64
		{362C78A5-EFDF-FC91-F112-B13A3FDAE8A0}.Debug|Win32.ActiveCfg = Debug|Win32
		{362C78A5-EFDF-FC91-F112-B13A3FDAE8A0}.Debug|Win32.Build.0 = Debug|Win32
		{362C78A5-EFDF-FC91-F112-B13A3FDAE8A0}.Release|x64.ActiveCfg = Release|x64
		{362C78A5-EFDF-FC91-F112-B13A3FDAE8A0}.Release|x64.Build.0 = Release|x64
		{362C78A5-EFDF-FC91-F112-B13A3FDAE8A0}.Release|Win32.ActiveCfg = Release|Win32
		{362C78A5-EFDF-FC91-F112-B13A3FDAE8A0}.Release|Win32.Build.0 = Release|Win32
		{39EFAA40-DA18-0EDB-6212-459B19E48BB3}.Debug|x64.ActiveCfg = Debug|x64
		{39EFAA40-DA18-0EDB-6212-459B19E48BB3}.Debug|x64.Build.0 = Debug|x64
		{39EFAA40-DA18-0EDB-6212-459B19E48BB3}.Debug|Win32.ActiveCfg = Debug|Win32
		{39EFAA40-DA18-0EDB-6212-459B19E48BB3}.Debug|Win32.Build.0 = Debug|Win32
		{39EFAA40-DA18-0EDB-6212-459B19E48BB3}.Release|x64.ActiveCfg = Release|x64
		{39EFAA40-DA18-0EDB-6212-459B19E48BB3}.Release|x64.Build.0 = Release|x64
		{39EFAA40-DA18-0EDB-6212-459B19E48BB3}.Release|Win32.ActiveCfg = Release|Win32
		{39EFAA40-DA18-0EDB-6212-459B19E48BB3}.Release|Win32.Build.0 = Release|Win32
		{4DCD256C-B345-89A3-7AA2-A189E00F12A4}.Debug|x64.ActiveCfg = Debug|x64
		{4DCD256C-B345-89A3-7AA2-A189E00F12A4}.Debug|x64.Build.0 = Debug|x64
		{4DCD256C-B345-89A3-7AA2-A189E00F12A4}.Debug|Win32.ActiveCfg = Debug|Win32
		{4DCD256C-B345-89A3-7AA2-A189E00F12A4}.Debug|Win32.Build.0 = Debug|Win32
		{4DCD256C-B345-89A3-7AA2-A189E00F12A4}.Release|x64.ActiveCfg = Release|x64
		{4DCD256C-B345-89A3-7AA2-A189E00F12A4}.Release|x64.Build.0 = Release|x64
		{4DCD256C-B345-89A3-7AA2-A189E00F12A4}.Release|Win32.ActiveCfg = Release|Win32
		{4DCD256C-B345-89A3-7AA2-A189E00F12A4}.Release|Win32.Build.0 = Release|Win32
		{4E00D9E2-1F74-8D2E-1878-DCFE215138F5}.Debug|x64.ActiveCfg = Debug|x64
		{4E00D9E2-1F74-8D2E-1878-DCFE215138F5}.Debug|x64.Build.0 = Debug|x64
		{4E00D9E2-1F74-8D2E-1878-DCFE215138F5}.Debug|Win32.ActiveCfg = Debug|Win32
		{4E00D9E2-1F74-8D2E-1878-DCFE215138F5}.Debug|Win32.Build.0 = Debug|Win32
		{4E00D9E2-1F74-8D2E-1878-DCFE215138F5}.Release|x64.ActiveCfg = Release|x64
		{4E00D9E2-1F74-8D2E-1878-DCFE215138F5}.Release|x64.Build.0 = Release|x64
		{4E00D9E2-1F74-8D2E-1878-DCFE215138F5}.Release|Win32.ActiveCfg = Release|Win32
		{4E00D9E2-1F74-8D2E-1878-DCFE215138F5}.Release|Win32.Build.0 = Release|Win32
		{510DEDDC-ED2F-0A3B-ABE1-F7F1E6D75CF8}.Debug|x64.ActiveCfg = Debug|x64
		{510DEDDC-ED2F-0A3B-ABE1-F7F1E6D75CF8}.Debug|x64.Build.0 = Debug|x64
		{510DEDDC-ED2F-0A3B-ABE1-F7F1E6D75CF8}.Debug|Win32.ActiveCfg = Debug|Win32
		{510DEDDC-ED2F-0A3B-ABE1-F7F1E6D75CF8}.Debug|Win32.Build.0 = Debug|Win32
		{510DEDDC-ED2F-0A3B-ABE1-F7F1E6D75CF8}.Release|x64.ActiveCfg = Release|x64
		{510DEDDC-ED2F-0A3B-ABE1-F7F1E6D75CF8}.Release|x64.Build.0 = Release|x64
		{510DEDDC-ED2F-0A3B-ABE1-F7F1E6D75CF8}.Release|Win32.ActiveCfg = Release|Win32
		{510DEDDC-ED2F-0A3B-ABE1-F7F1E6D75CF8}.Release|Win32.Build.0 = Release|Win32
		{6DB5CE13-639C-A11C-E2A3-D1B1C8DA4271}.Debug|x64.ActiveCfg = Debug|x64
		{6DB5CE13-639C-A11C-E2A3-D1B1C8DA4271}.Debug|x64.Build.0 = Debug|x64
		{6DB5CE13-639C-A11C-E2A3-D1B1C8DA4271}.Debug|Win32.ActiveCfg = Debug|Win32
		{6DB5CE13-639C-A11C-E2A3-D1B1C8DA4271}.Debug|Win32.Build.0 = Debug|Win32
		{6DB5CE13-639C-A11C-E2A3-D1B1C8DA4271}.Release|x64.ActiveCfg = Release|x64
		{6DB5CE13-639C-A11C-E2A3-D1B1C8DA4271}.Release|x64.Build.0 = Release|x64
		{6DB5CE13-639C-A11C-E2A3-D1B1C8DA4271}.Release|Win32.ActiveCfg = Release|Win32
		{6DB5CE13-639C-A11C-E2A3-D1B1C8DA4271}.Release|Win32.Build.0 = Release|Win32
		{6F671C55-9F91-D8A2-C8A2-29244B3477B4}.Debug|x64.ActiveCfg = Debug|x64
		{6F671C55-9F91-D8A2-C8A2-29244B3477B4}.Debug|x64.Build.0 = Debug|x64
		{6F671C55-9F91-D8A2-C8A2-29244B3477B4}.Debug|Win32.ActiveCfg = Debug|Win32
		{6F671C55-9F91-D8A2-C8A2-29244B3477B4}.Debug|Win32.Build.0 = Debug|Win32
		{6F671C55-9F91-D8A2-C8A2-29244B3477B4}.Release|x64.ActiveCfg = Release|x64
		{6F671C55-9F91-D8A2-C8A2-29244B3477B4}.Release|x64.Build.0 = Release|x64
		{6F671C55-9F91-D8A2-C8A2-29244B3477B4}.Release|Win32.ActiveCfg = Release|Win32
		{6F671C55-9F91-D8A2-C8A2-29244B3477B4}.Release|Win32.Build.0 = Release|Win32
		{70D0C577-EE1A-1784-0562-171BFB04F7C3}.Debug|x64.ActiveCfg = Debug|x64
		{70D0C577-EE1A-1784-0562-171BFB04F7C3}.Debug|x64.Build.0 = Debug|x64
		{70D0C577-EE1A-1784-0562-171BFB04F7C3}.Debug|Win32.ActiveCfg = Debug|Win32
		{70D0C577-EE1A-1784-0562-171BFB04F7C3}.Debug|Win32.Build.0 = Debug|Win32
		{70D0C577-EE1A-1784-0562-171BFB04F7C3}.Release|x64.ActiveCfg = Release|x64
		{70D0C577-EE1A-1784-0562-171BFB04F7C3}.Release|x64.Build.0 = Release|x64
		{70D0C577-EE1A-1784-0562-171BFB04F7C3}.Release|Win32.ActiveCfg = Release|Win32
		{70D0C577-EE1A-1784-0562-171BFB04F7C3}.Release|Win32.Build.0 = Release|Win32
		{71BE6D73-D298-0EEF-A896-0ABB45764964}.Debug|x64.ActiveCfg = Debug|x64
		{71BE6D73-D298-0EEF-A896-0ABB45764964}.Debug|x64.Build.0 = Debug|x64
		{71BE6D73-D298-0EEF-A896-0ABB45764964}.Debug|Win32.ActiveCfg = Debug|Win32
		{71BE6D73-D298-0EEF-A896-0ABB45764964}.Debug|Win32.Build.0 = Debug|Win32
		{71BE6D73-D298-0EEF-A896-0ABB45764964}.Release|x64.ActiveCfg = Release|x64
		{71BE6D73-D298-0EEF-A896-0ABB45764964}.Release|x64.Build.0 = Release|x64
		{71BE6D73-D298-0EEF-A896-0ABB45764964}.Release|Win32.ActiveCfg = Release|Win32
		{71BE6D73-D298-0EEF-A896-0ABB45764964}.Release|Win32.Build.0 = Release|Win32
		{75336421-5BDA-9483-5001-D0CEEED08F7C}.Debug|x64.ActiveCfg = Debug|x64
		{75336421-5BDA-9483-5001-D0CEEED08F7C}.Debug|x64.Build.0 = Debug|x64
		{75336421-5BDA-9483-5001-D0CEEED08F7C}.Debug|Win32.ActiveCfg = Debug|Win32
		{75336421-5BDA-9483-5001-D0CEEED08F7C}.Debug|Win32.Build.0 = Debug|Win32
		{75336421-5BDA-9483-5001-D0CEEED08F7C}.Release|x64.ActiveCfg = Release|x64
		{75336421-5BDA-9483-5001-D0CEEED08F7C}.Release|x64.Build.0 = Release|x64
		{75336421-5BDA-9483-5001-D0CEEED08F7C}.Release|Win32.ActiveCfg = Release|Win32
		{75336421-5BDA-9483-5001-D0CEEED08F7C}.Release|Win32.Build.0 = Release|Win32
		{7F73F25C-224B-D158-49A3-A0D8FD47D0A3}.Debug|x64.ActiveCfg = Debug|x64
		{7F73F25C-224B-D158-49A3-A0D8FD47D0A3}.Debug|x64.Build.0 = Debug|x64
		{7F73F25C-224B-D158-49A3-A0D8FD47D0A3}.Debug|Win32.ActiveCfg = Debug|Win32
		{7F73F25C-224B-D158-49A3-A0D8FD47D0A3}.Debug|Win32.Build.0 = Debug|Win32
		{7F73F25C-224B-D158-49A3-A0D8FD47D0A3}.Release|x64.ActiveCfg = Release|x64
		{7F73F25C-224B-D158-49A3-A0D8FD47D0A3}.Release|x64.Build.0 = Release|x64
		{7F73F25C-224B-D158-49A3-A0D8FD47D0A3}.Release|Win32.ActiveCfg = Release|Win32
		{7F73F25C-224B-D158-49A3-A0D8FD47D0A3}.Release|Win32.Build.0 = Release|Win32
		{816508C7-F0FC-8E04-ECF9-CD82F9D095D4}.Debug|x64.ActiveCfg = Debug|x64
		{816508C7-F0FC-8E04-ECF9-CD82F9D095D4}.Debug|x64.Build.0 = Debug|x64
		{816508C7-F0FC-8E04-ECF9-CD82F9D095D4}.Debug|Win32.ActiveCfg = Debug|Win32
		{816508C7-F0FC-8E04-ECF9-CD82F9D095D4}.Debug|Win32.Build.0 = Debug|Win32
		{816508C7-F0FC-8E04-ECF9-CD82F9D095D4}.Release|x64.ActiveCfg = Release|x64
		{816508C7-F0FC-8E04-ECF9-CD82F9D095D4}.Release|x64.Build.0 = Release|x64
		{816508C7-F0FC-8E04-ECF9-CD82F9D095D4}.Release|Win32.ActiveCfg = Release|Win32
		{816508C7-F0FC-8E04-ECF9-CD82F9D095D4}.Release|Win32.Build.0 = Release|Win32
		{93F855F4-EE6F-F00D-F4A3-35577B1D5F76}.Debug|x64.ActiveCfg = Debug|x64
		{93F855F4-EE6F-F00D-F4A3-35577B1D5F76}.Debug|x64.Build.0 = Debug|x64
		{93F855F4-EE6F-F00D-F4A3-35577B1D5F76}.Debug|Win32.ActiveCfg = Debug|Win32
		{93F855F4-EE6F-F00D-F4A3-35577B1D5F76}.Debug|Win32.Build.0 = Debug|Win32
		{93F855F4-EE6F-F00D-F4A3-35577B1D5F76}.Release|x64.ActiveCfg = Release|x64
		{93F855F4-EE6F-F00D-F4A3-35577B1D5F76}.Release|x64.Build.0 = Release|x64
		{93F855F4-EE6F-F00D-F4A3-35577B1D5F76}.Release|Win32.ActiveCfg = Release|Win32
		{93F855F4-EE6F-F00D-F4A3-35577B1D5F76}.Release|Win32.Build.0 = Release|Win32
		{B555AE61-3304-C74D-1357-940A469974C4}.Debug|x64.ActiveCfg = Debug|x64
		{B555AE61-3304-C74D-1357-940A469974C4}.Debug|x64.Build.0 = Debug|x64
		{B555AE61-3304-C74D-1357-940A469974C4}.Debug|Win32.ActiveCfg = Debug|Win32
		{B555AE61-3304-C74D-1357-940A469974C4}.Debug|Win32.Build.0 = Debug|Win32
		{B555AE61-3304-C74D-1357-940A469974C4}.Release|x64.ActiveCfg = Release|x64
		{B555AE61-3304-C74D-1357-940A469974C4}.Release|x64.Build.0 = Release|x64
		{B555AE61-3304-C74D-1357-940A469974C4}.Release|Win32.ActiveCfg = Release|Win32
		{B555AE61-3304-C74D-1357-940A469974C4}.Release|Win32.Build.0 = Release|Win32
		{D012ED19-4A98-F0D4-84F0-0B4BB618D548}.Debug|x64.ActiveCfg = Debug|x64
		{D012ED19-4A98-F0D4-84F0-0B4BB618D548}.Debug|x64.Build.0 = Debug|x64
		{D012ED19-4A98-F0D4-84F0-0B4BB618D548}.Debug|Win32.ActiveCfg = Debug|Win32
		{D012ED19-4A98-F0D4-84F0-0B4BB618D548}.Debug|Win32.Build.0 = Debug|Win32
		{D012ED19-4A98-F0D4-84F0-0B4BB618D548}.Release|x64.ActiveCfg = Release|x64
		{D012ED19-4A98-F0D4-84F0-0B4BB618D548}.Release|x64.Build.0 = Release|x64
		{D012ED19-4A98-F0D4-84F0-0B4BB618D548}.Release|Win32.ActiveCfg = Release|Win32
		{D012ED19-4A98-F0D4-84F0-0B4BB618D548}.Release|Win32.Build.0 = Release|Win32
		{D822332C-4E10-95DA-CD7B-92DFD2BC19A2}.Debug|x64.ActiveCfg = Debug|x64
		{D822332C-4E10-95DA-CD7B-92DFD2BC19A2}.Debug|x64.Build.0 = Debug|x64
		{D822332C-4E10-95DA-CD7B-92DFD2BC19A2}.Debug|Win32.ActiveCfg = Debug|Win32
		{D822332C-4E10-95DA-CD7B-92DFD2BC19A2}.Debug|Win32.Build.0 = Debug|Win32
		{D822332C-4E10-95DA-CD7B-92DFD2BC19A2}.Release|x64.ActiveCfg = Release|x64
		{D822332C-4E10-95DA-CD7B-92DFD2BC19A2}.Release|x64.Build.0 = Release|x64
		{D822332C-4E10-95DA-CD7B-92DFD2BC19A2}.Release|Win32.ActiveCfg = Release|Win32
		{D822332C-4E10-95DA-CD7B-92DFD2BC19A2}.Release|Win32.Build.0 = Release|Win32
		{D94ABCBC-157E-B835-7C0A-CA0464781D84}.Debug|x64.ActiveCfg = Debug|x64
		{D94ABCBC-157E-B835-7C0A-CA0464781D84}.Debug|x64.Build.0 = Debug|x64
		{D94ABCBC-157E-B835-7C0A-CA0464781D84}.Debug|Win32.ActiveCfg = Debug|Win32
		{D94ABCBC-157E-B835-7C0A-CA0464781D84}.Debug|Win32.Build.0 = Debug|Win32
		{D94ABCBC-157E-B835-7C0A-CA0464781D84}.Release|x64.ActiveCfg = Release|x64
		{D94ABCBC-157E-B835-7C0A-CA0464781D84}.Release|x64.Build.0 = Release|x64
		{D94ABCBC-157E-B835-7C0A-CA0464781D84}.Release|Win32.ActiveCfg = Release|Win32
		{D94ABCBC-157E-B835-7C0A-CA0464781D84}.Release|Win32.Build.0 = Release|Win32
		{DE291AF5-6AD2-BD98-BBE7-C42FFD1EA57E}.Debug|x64.ActiveCfg = Debug|x64
		{DE291AF5-6AD2-BD98-BBE7-C42FFD1EA57E}.Debug|x64.Build.0 = Debug|x64
		{DE291AF5-6AD2-BD98-BBE7-C42FFD1EA57E}.Debug|Win32.ActiveCfg = Debug|Win32
		{DE291AF5-6AD2-BD98-BBE7-C42FFD1EA57E}.Debug|Win32.Build.0 = Debug|Win32
		{DE291AF5-6AD2-BD98-BBE7-C42FFD1EA57E}.Release|x64.ActiveCfg = Release|x64
		{DE291AF5-6AD2-BD98-BBE7-C42FFD1EA57E}.Release|x64.Build.0 = Release|x64
		{DE291AF5-6AD2-BD98-BBE7-C42FFD1EA57E}.Release|Win32.ActiveCfg = Release|Win32
		{DE291AF5-6AD2-BD98-BBE7-C42FFD1EA57E}.Release|Win32.Build.0 = Release|Win32
		{E72F768A-94C5-F56D-6D09-2D6BBCC1C711}.Debug|x64.ActiveCfg = Debug|x64
		{E72F768A-94C5-F56D-6D09-2D6BBCC1C711}.Debug|x64.Build.0 = Debug|x64
		{E72F768A-94C5-F56D-6D09-2D6BBCC1C711}.Debug|Win32.ActiveCfg = Debug|Win32
		{E72F768A-94C5-F56D-6D09-2D6BBCC1C711}.Debug|Win32.Build.0 = Debug|Win32
		{E72F768A-94C5-F56D-6D09-2D6BBCC1C711}.Release|x64.ActiveCfg = Release|x64
		{E72F768A-94C5-F56D-6D09-2D6BBCC1C711}.Release|x64.Build.0 = Release|x64
		{E72F768A-94C5-F56D-6D09-2D6BBCC1C711}.Release|Win32.ActiveCfg = Release|Win32
		{E72F768A-94C5-F56D-6D09-2D6BBCC1C711}.Release|Win32.Build.0 = Release|Win32
		{F336733B-E5B6-B67B-2713-5DF1FC74E51B}.Debug|x64.ActiveCfg = Debug|x64
		{F336733B-E5B6-B67B-2713-5DF1FC74E51B}.Debug|x64.Build.0 = Debug|x64
		{F336733B-E5B6-B67B-2713-5DF1FC74E51B}.Debug|Win32.ActiveCfg = Debug|Win32
		{F336733B-E5B6-B67B-2713-5DF1FC74E51B}.Debug|Win32.Build.0 = Debug|Win32
		{F336733B-E5B6-B67B-2713-5DF1FC74E51B}.Release|x64.ActiveCfg = Release|x64
		{F336733B-E5B6-B67B-2713-5DF1FC74E51B}.Release|x64.Build.0 = Release|x64
		{F336733B-E5B6-B67B-2713-5DF1FC74E51B}.Release|Win32.ActiveCfg = Release|Win32
		{F336733B-E5B6-B67B-2713-5DF1FC74E51B}.Release|Win32.Build.0 = Release|Win32
		{F44797FB-474D-87A7-7D47-C3B54FFBAA49}.Debug|x64.ActiveCfg = Debug|x64
		{F44797FB-474D-87A7-7D47-C3B54FFBAA49}.Debug|x64.Build.0 = Debug|x64
		{F44797FB-474D-87A7-7D47-C3B54FFBAA49}.Debug|Win32.ActiveCfg = Debug|Win32
		{F44797FB-474D-87A7-7D47-C3B54FFBAA49}.Debug|Win32.Build.0 = Debug|Win32
		{F44797FB-474D-87A7-7D47-C3B54FFBAA49}.Release|x64.ActiveCfg = Release|x64
		{F44797FB-474D-87A7-7D47-C3B54FFBAA49}.Release|x64.Build.0 = Release|x64
		{F44797FB-474D-87A7-7D47-C3B54FFBAA49}.Release|Win32.ActiveCfg = Release|Win32
		{F44797FB-474D-87A7-7D47-C3B54FFBAA49}.Release|Win32.Build.0 = Release|Win32
		{FB45E867-5012-7E6B-4990-EA51A6D55EC6}.Debug|x64.ActiveCfg = Debug|x64
		{FB45E867-5012-7E6B-4990-EA51A6D55EC6}.Debug|x64.Build.0 = Debug|x64
		{FB45E867-5012-7E6B-4990-EA51A6D55EC6}.Debug|Win32.ActiveCfg = Debug|Win32
		{FB45E867-5012-7E6B-4990-EA51A6D55EC6}.Debug|Win32.Build.0 = Debug|Win32
		{FB45E867-5012-7E6B-4990-EA51A6D55EC6}.Release|x64.ActiveCfg = Release|x64
		{FB45E867-5012-7E6B-4990-EA51A6D55EC6}.Release|x64.Build.0 = Release|x64
		{FB45E867-5012-7E6B-4990-EA51A6D55EC6}.Release|Win32.ActiveCfg = Release|Win32
		{FB45E867-5012-7E6B-4990-EA51A6D55EC6}.Release|Win32.Build.0 = Release|Win32
	EndGlobalSection
	GlobalSection(SolutionProperties) = preSolution
		HideSolutionNode = FALSE
	EndGlobalSection
	GlobalSection(NestedProjects) = preSolution
		{39EFAA40-DA18-0EDB-6212-459B19E48BB3} = {1AF5C76A-46B7-C085-8BC3-35371233CE99}
		{93F855F4-EE6F-F00D-F4A3-35577B1D5F76} = {1AF5C76A-46B7-C085-8BC3-35371233CE99}
		{510DEDDC-ED2F-0A3B-ABE1-F7F1E6D75CF8} = {1AF5C76A-46B7-C085-8BC3-35371233CE99}
		{75336421-5BDA-9483-5001-D0CEEED08F7C} = {1AF5C76A-46B7-C085-8BC3-35371233CE99}
		{23D79827-E423-BA46-5AD6-622B0828F65C} = {A61E3996-0F5C-13FF-A66C-687E01FA93A4}
		{D012ED19-4A98-F0D4-84F0-0B4BB618D548} = {A61E3996-0F5C-13FF-A66C-687E01FA93A4}
		{362C78A5-EFDF-FC91-F112-B13A3FDAE8A0} = {C22DCE09-BE8E-C79C-FFD0-C3927B546C91}
		{16FE3FD5-AA01-BD2A-2BFF-7785FFEDEDEC} = {C22DCE09-BE8E-C79C-FFD0-C3927B546C91}
		{70D0C577-EE1A-1784-0562-171BFB04F7C3} = {46835DB2-71BA-66C0-5A55-04D9E2C70AA8}
		{D94ABCBC-157E-B835-7C0A-CA0464781D84} = {46835DB2-71BA-66C0-5A55-04D9E2C70AA8}
		{D822332C-4E10-95DA-CD7B-92DFD2BC19A2} = {EAC80D00-01D2-3F49-A377-20B7154947F3}
		{E72F768A-94C5-F56D-6D09-2D6BBCC1C711} = {EAC80D00-01D2-3F49-A377-20B7154947F3}
		{4DCD256C-B345-89A3-7AA2-A189E00F12A4} = {EAC80D00-01D2-3F49-A377-20B7154947F3}
		{A61E3996-0F5C-13FF-A66C-687E01FA93A4} = {89C816A7-DD31-D54C-C69C-5A80E0C49B77}
		{AC6A79C6-25A5-8535-37D4-DCE797519D55} = {89C816A7-DD31-D54C-C69C-5A80E0C49B77}
		{6F671C55-9F91-D8A2-C8A2-29244B3477B4} = {89C816A7-DD31-D54C-C69C-5A80E0C49B77}
		{1AF5C76A-46B7-C085-8BC3-35371233CE99} = {FB3E20CC-9516-F7D2-EFF7-C27ABDCA54B9}
		{C22DCE09-BE8E-C79C-FFD0-C3927B546C91} = {FB3E20CC-9516-F7D2-EFF7-C27ABDCA54B9}
		{46835DB2-71BA-66C0-5A55-04D9E2C70AA8} = {FB3E20CC-9516-F7D2-EFF7-C27ABDCA54B9}
		{4E00D9E2-1F74-8D2E-1878-DCFE215138F5} = {FB3E20CC-9516-F7D2-EFF7-C27ABDCA54B9}
		{B555AE61-3304-C74D-1357-940A469974C4} = {AC6A79C6-25A5-8535-37D4-DCE797519D55}
		{7F73F25C-224B-D158-49A3-A0D8FD47D0A3} = {AC6A79C6-25A5-8535-37D4-DCE797519D55}
		{816508C7-F0FC-8E04-ECF9-CD82F9D095D4} = {AC6A79C6-25A5-8535-37D4-DCE797519D55}
		{6DB5CE13-639C-A11C-E2A3-D1B1C8DA4271} = {AC6A79C6-25A5-8535-37D4-DCE797519D55}
		{04DA42DA-0081-C673-D5CD-8CC8F63199B0} = {AC6A79C6-25A5-8535-37D4-DCE797519D55}
		{FB45E867-5012-7E6B-4990-EA51A6D55EC6} = {AC6A79C6-25A5-8535-37D4-DCE797519D55}
		{DE291AF5-6AD2-BD98-BBE7-C42FFD1EA57E} = {AC6A79C6-25A5-8535-37D4-DCE797519D55}
		{71BE6D73-D298-0EEF-A896-0ABB45764964} = {AC6A79C6-25A5-8535-37D4-DCE797519D55}
		{F44797FB-474D-87A7-7D47-C3B54FFBAA49} = {AC6A79C6-25A5-8535-37D4-DCE797519D55}
		{F336733B-E5B6-B67B-2713-5DF1FC74E51B} = {AC6A79C6-25A5-8535-37D4-DCE797519D55}
	EndGlobalSection
EndGlobal
