<?xml version="1.0" encoding="utf-8"?>
<Project ToolsVersion="4.0" xmlns="http://schemas.microsoft.com/developer/msbuild/2003">
  <ItemGroup>
    <Filter Include="_excluded_files">
      <UniqueIdentifier>{158E591E-B6EA-0C85-8F5A-18EAFA09B4CE}</UniqueIdentifier>
    </Filter>
  </ItemGroup>
  <ItemGroup>
    <ClInclude Include="arraysize.h" />
    <ClCompile Include="asyncfile.cc" />
    <ClInclude Include="asyncfile.h" />
    <ClCompile Include="asyncinvoker.cc" />
    <ClInclude Include="asyncinvoker.h" />
    <ClInclude Include="asyncinvoker-inl.h" />
    <ClCompile Include="asyncpacketsocket.cc" />
    <ClInclude Include="asyncpacketsocket.h" />
    <ClCompile Include="asyncresolverinterface.cc" />
    <ClInclude Include="asyncresolverinterface.h" />
    <ClCompile Include="asyncsocket.cc" />
    <ClInclude Include="asyncsocket.h" />
    <ClCompile Include="asynctcpsocket.cc" />
    <ClInclude Include="asynctcpsocket.h" />
    <ClCompile Include="asyncudpsocket.cc" />
    <ClInclude Include="asyncudpsocket.h" />
    <ClCompile Include="base64.cc" />
    <ClInclude Include="base64.h" />
    <ClCompile Include="common.cc" />
    <ClInclude Include="common.h" />
    <ClCompile Include="crc32.cc" />
    <ClInclude Include="crc32.h" />
    <ClCompile Include="cryptstring.cc" />
    <ClInclude Include="cryptstring.h" />
    <ClCompile Include="diskcache.cc" />
    <ClInclude Include="diskcache.h" />
    <ClCompile Include="filerotatingstream.cc" />
    <ClInclude Include="filerotatingstream.h" />
    <ClCompile Include="fileutils.cc" />
    <ClInclude Include="fileutils.h" />
    <ClCompile Include="firewallsocketserver.cc" />
    <ClInclude Include="firewallsocketserver.h" />
    <ClCompile Include="flags.cc" />
    <ClInclude Include="flags.h" />
    <ClInclude Include="format_macros.h" />
    <ClInclude Include="gunit_prod.h" />
    <ClCompile Include="helpers.cc" />
    <ClInclude Include="helpers.h" />
    <ClCompile Include="ipaddress.cc" />
    <ClInclude Include="ipaddress.h" />
    <ClInclude Include="linked_ptr.h" />
    <ClCompile Include="messagehandler.cc" />
    <ClInclude Include="messagehandler.h" />
    <ClCompile Include="messagequeue.cc" />
    <ClInclude Include="messagequeue.h" />
    <ClCompile Include="nethelpers.cc" />
    <ClInclude Include="nethelpers.h" />
    <ClCompile Include="network.cc" />
    <ClInclude Include="network.h" />
    <ClCompile Include="networkmonitor.cc" />
    <ClInclude Include="networkmonitor.h" />
    <ClCompile Include="nullsocketserver.cc" />
    <ClInclude Include="nullsocketserver.h" />
    <ClCompile Include="pathutils.cc" />
    <ClInclude Include="pathutils.h" />
    <ClCompile Include="physicalsocketserver.cc" />
    <ClInclude Include="physicalsocketserver.h" />
    <ClCompile Include="ratelimiter.cc" />
    <ClInclude Include="ratelimiter.h" />
    <ClCompile Include="sha1.cc" />
    <ClInclude Include="sha1.h" />
    <ClCompile Include="sharedexclusivelock.cc" />
    <ClInclude Include="sharedexclusivelock.h" />
    <ClCompile Include="signalthread.cc" />
    <ClInclude Include="signalthread.h" />
    <ClCompile Include="sigslot.cc" />
    <ClInclude Include="sigslot.h" />
    <ClInclude Include="sigslotrepeater.h" />
    <ClInclude Include="socket.h" />
    <ClCompile Include="socketaddress.cc" />
    <ClInclude Include="socketaddress.h" />
    <ClCompile Include="socketaddresspair.cc" />
    <ClInclude Include="socketaddresspair.h" />
    <ClInclude Include="socketfactory.h" />
    <ClCompile Include="socketpool.cc" />
    <ClInclude Include="socketpool.h" />
    <ClInclude Include="socketserver.h" />
    <ClCompile Include="socketstream.cc" />
    <ClInclude Include="socketstream.h" />
    <ClCompile Include="stream.cc" />
    <ClInclude Include="stream.h" />
    <ClCompile Include="task.cc" />
    <ClInclude Include="task.h" />
    <ClCompile Include="taskparent.cc" />
    <ClInclude Include="taskparent.h" />
    <ClCompile Include="taskrunner.cc" />
    <ClInclude Include="taskrunner.h" />
    <ClCompile Include="thread.cc" />
    <ClInclude Include="thread.h" />
    <ClCompile Include="timing.cc" />
    <ClInclude Include="timing.h" />
    <ClCompile Include="urlencode.cc" />
    <ClInclude Include="urlencode.h" />
    <ClCompile Include="worker.cc" />
    <ClInclude Include="worker.h" />
    <ClCompile Include="bandwidthsmoother.cc" />
    <ClInclude Include="bandwidthsmoother.h" />
    <ClInclude Include="callback.h" />
    <ClInclude Include="fileutils_mock.h" />
    <ClCompile Include="logsinks.cc" />
    <ClInclude Include="logsinks.h" />
    <ClInclude Include="mathutils.h" />
    <ClCompile Include="optionsfile.cc" />
    <ClInclude Include="optionsfile.h" />
    <ClCompile Include="profiler.cc" />
    <ClInclude Include="profiler.h" />
    <ClInclude Include="referencecountedsingletonfactory.h" />
    <ClInclude Include="rollingaccumulator.h" />
    <ClInclude Include="scopedptrcollection.h" />
    <ClInclude Include="sec_buffer.h" />
    <ClInclude Include="testbase64.h" />
    <ClCompile Include="testclient.cc" />
    <ClInclude Include="testclient.h" />
    <ClCompile Include="transformadapter.cc" />
    <ClInclude Include="transformadapter.h" />
    <ClCompile Include="versionparsing.cc" />
    <ClInclude Include="versionparsing.h" />
    <ClCompile Include="virtualsocketserver.cc" />
    <ClInclude Include="virtualsocketserver.h" />
    <ClInclude Include="window.h" />
    <ClInclude Include="windowpicker.h" />
    <ClInclude Include="windowpickerfactory.h" />
    <ClCompile Include="diskcache_win32.cc" />
    <ClInclude Include="diskcache_win32.h" />
    <ClCompile Include="win32regkey.cc" />
    <ClInclude Include="win32regkey.h" />
    <ClCompile Include="win32socketinit.cc" />
    <ClInclude Include="win32socketinit.h" />
    <ClCompile Include="win32socketserver.cc" />
    <ClInclude Include="win32socketserver.h" />
    <ClCompile Include="win32.cc" />
    <ClInclude Include="win32.h" />
    <ClCompile Include="win32filesystem.cc" />
    <ClInclude Include="win32filesystem.h" />
    <ClCompile Include="win32securityerrors.cc" />
    <ClCompile Include="win32window.cc" />
    <ClInclude Include="win32window.h" />
    <ClCompile Include="win32windowpicker.cc" />
    <ClInclude Include="win32windowpicker.h" />
    <ClCompile Include="winfirewall.cc" />
    <ClInclude Include="winfirewall.h" />
    <ClCompile Include="winping.cc" />
    <ClInclude Include="winping.h" />
    <None Include="base.gyp" />
    <None Include="iosfilesystem.mm">
      <Filter>_excluded_files</Filter>
    </None>
  </ItemGroup>
</Project>