
Microsoft Visual Studio Solution File, Format Version 12.00
# Visual Studio 14
VisualStudioVersion = 14.0.25420.1
MinimumVisualStudioVersion = 10.0.40219.1
Project("{8BC9CEB8-8B4A-11D0-8D11-00A0C91BC942}") = "rtc_base", "webrtc\base\rtc_base.vcxproj", "{93F855F4-EE6F-F00D-F4A3-35577B1D5F76}"
EndProject
Project("{8BC9CEB8-8B4A-11D0-8D11-00A0C91BC942}") = "rtc_base_approved", "webrtc\base\rtc_base_approved.vcxproj", "{510DEDDC-ED2F-0A3B-ABE1-F7F1E6D75CF8}"
EndProject
Project("{8BC9CEB8-8B4A-11D0-8D11-00A0C91BC942}") = "libyuv", "third_party\libyuv\libyuv.vcxproj", "{E4505A22-7591-FEDF-6B9F-4FF8AB727FF9}"
EndProject
Project("{8BC9CEB8-8B4A-11D0-8D11-00A0C91BC942}") = "audio_device", "webrtc\modules\audio_device.vcxproj", "{E7E494C8-F0D0-4376-4006-C691BB4233EF}"
EndProject
Project("{8BC9CEB8-8B4A-11D0-8D11-00A0C91BC942}") = "system_wrappers", "webrtc\system_wrappers\system_wrappers.vcxproj", "{16FE3FD5-AA01-BD2A-2BFF-7785FFEDEDEC}"
EndProject
Project("{8BC9CEB8-8B4A-11D0-8D11-00A0C91BC942}") = "webrtc_common", "webrtc\webrtc_common.vcxproj", "{4E00D9E2-1F74-8D2E-1878-DCFE215138F5}"
EndProject
Project("{8BC9CEB8-8B4A-11D0-8D11-00A0C91BC942}") = "common_audio", "webrtc\common_audio\common_audio.vcxproj", "{39FE2BB0-C2E7-DB9C-D514-19B221F3CA00}"
EndProject
Project("{8BC9CEB8-8B4A-11D0-8D11-00A0C91BC942}") = "common_audio_sse2", "webrtc\common_audio\common_audio_sse2.vcxproj", "{B6B37B26-252C-247D-DBA3-D03511AC9509}"
EndProject
Project("{2150E333-8FDC-42A3-9474-1A3956D46DE8}") = "codec", "codec", "{8BDD5CFB-AD01-492F-99C0-E7E9B07B372C}"
EndProject
Project("{8BC9CEB8-8B4A-11D0-8D11-00A0C91BC942}") = "libfaac_dll", "third_party\faac-1.28\libfaac\libfaac_dll.vcxproj", "{856BB8CF-B944-4D7A-9D59-4945316229AA}"
EndProject
Project("{8BC9CEB8-8B4A-11D0-8D11-00A0C91BC942}") = "libfaad2_dll", "third_party\faad2-2.7\libfaad\libfaad2_dll.vcxproj", "{482DA264-EE88-4575-B208-87C4CB80CD08}"
EndProject
Project("{8BC9CEB8-8B4A-11D0-8D11-00A0C91BC942}") = "audio_coding_module", "webrtc\modules\audio_coding_module.vcxproj", "{1DEAC0D1-003D-95F6-6693-EF0F1A5C733A}"
EndProject
Project("{2150E333-8FDC-42A3-9474-1A3956D46DE8}") = "rtc", "rtc", "{47C1F596-3D0B-4265-B4D1-5F287CEA6D6A}"
EndProject
Project("{8BC9CEB8-8B4A-11D0-8D11-00A0C91BC942}") = "webrtc_h264", "webrtc\modules\webrtc_h264.vcxproj", "{C93CB6A3-741A-2433-10D3-FC2CE462281B}"
EndProject
Project("{8BC9CEB8-8B4A-11D0-8D11-00A0C91BC942}") = "rtc_media", "webrtc\media\rtc_media.vcxproj", "{CC4CC1BB-4534-3322-5D30-6F7B749E7CDE}"
EndProject
Project("{8BC9CEB8-8B4A-11D0-8D11-00A0C91BC942}") = "common_video", "webrtc\common_video\common_video.vcxproj", "{AC613F26-3B4F-2DF0-F78C-52B6D0770C2D}"
EndProject
Project("{8BC9CEB8-8B4A-11D0-8D11-00A0C91BC942}") = "metrics_default", "webrtc\system_wrappers\metrics_default.vcxproj", "{5569B280-3A89-5837-BD37-C3A976C6F597}"
EndProject
Project("{8BC9CEB8-8B4A-11D0-8D11-00A0C91BC942}") = "AnyCore", "AnyCore\AnyCore.vcxproj", "{2E1012CB-6F96-4444-A4F8-F932F8421D34}"
EndProject
Project("{8BC9CEB8-8B4A-11D0-8D11-00A0C91BC942}") = "video_coding_utility", "webrtc\modules\video_coding\utility\video_coding_utility.vcxproj", "{E3CC8540-9E4F-66F9-D430-EFDAE52DEDAC}"
EndProject
Project("{8BC9CEB8-8B4A-11D0-8D11-00A0C91BC942}") = "LiveWin32", "Prj-Win\LiveWin32.vcxproj", "{2F1E6265-95FC-4B51-A28E-F4EE8B5C579C}"
EndProject
Project("{8BC9CEB8-8B4A-11D0-8D11-00A0C91BC942}") = "Win32Render", "VideoRender\win32_render.vcxproj", "{1AD2B7CF-C61C-43CD-8A27-4C52EF9CC5D3}"
EndProject
Project("{8BC9CEB8-8B4A-11D0-8D11-00A0C91BC942}") = "video_capture_module", "webrtc\modules\video_capture_module.vcxproj", "{BD794CBA-B6AC-1A8F-784E-89F56FDA8B8D}"
EndProject
Project("{8BC9CEB8-8B4A-11D0-8D11-00A0C91BC942}") = "video_capture_module_internal_impl", "webrtc\modules\video_capture_module_internal_impl.vcxproj", "{58C4E66E-F613-82E0-C039-7A453BCAC1E4}"
EndProject
Project("{8BC9CEB8-8B4A-11D0-8D11-00A0C91BC942}") = "directshow_baseclasses", "third_party\winsdk_samples\directshow_baseclasses.vcxproj", "{B49DE8DD-F78D-F7CF-052D-8F9AED62D088}"
EndProject
Global
	GlobalSection(SolutionConfigurationPlatforms) = preSolution
		Debug|Win32 = Debug|Win32
		Debug|x64 = Debug|x64
		Release|Win32 = Release|Win32
		Release|x64 = Release|x64
	EndGlobalSection
	GlobalSection(ProjectConfigurationPlatforms) = postSolution
		{93F855F4-EE6F-F00D-F4A3-35577B1D5F76}.Debug|Win32.ActiveCfg = Debug|Win32
		{93F855F4-EE6F-F00D-F4A3-35577B1D5F76}.Debug|Win32.Build.0 = Debug|Win32
		{93F855F4-EE6F-F00D-F4A3-35577B1D5F76}.Debug|x64.ActiveCfg = Debug|x64
		{93F855F4-EE6F-F00D-F4A3-35577B1D5F76}.Debug|x64.Build.0 = Debug|x64
		{93F855F4-EE6F-F00D-F4A3-35577B1D5F76}.Release|Win32.ActiveCfg = Release|Win32
		{93F855F4-EE6F-F00D-F4A3-35577B1D5F76}.Release|Win32.Build.0 = Release|Win32
		{93F855F4-EE6F-F00D-F4A3-35577B1D5F76}.Release|x64.ActiveCfg = Release|x64
		{93F855F4-EE6F-F00D-F4A3-35577B1D5F76}.Release|x64.Build.0 = Release|x64
		{510DEDDC-ED2F-0A3B-ABE1-F7F1E6D75CF8}.Debug|Win32.ActiveCfg = Debug|Win32
		{510DEDDC-ED2F-0A3B-ABE1-F7F1E6D75CF8}.Debug|Win32.Build.0 = Debug|Win32
		{510DEDDC-ED2F-0A3B-ABE1-F7F1E6D75CF8}.Debug|x64.ActiveCfg = Debug|x64
		{510DEDDC-ED2F-0A3B-ABE1-F7F1E6D75CF8}.Debug|x64.Build.0 = Debug|x64
		{510DEDDC-ED2F-0A3B-ABE1-F7F1E6D75CF8}.Release|Win32.ActiveCfg = Release|Win32
		{510DEDDC-ED2F-0A3B-ABE1-F7F1E6D75CF8}.Release|Win32.Build.0 = Release|Win32
		{510DEDDC-ED2F-0A3B-ABE1-F7F1E6D75CF8}.Release|x64.ActiveCfg = Release|x64
		{510DEDDC-ED2F-0A3B-ABE1-F7F1E6D75CF8}.Release|x64.Build.0 = Release|x64
		{E4505A22-7591-FEDF-6B9F-4FF8AB727FF9}.Debug|Win32.ActiveCfg = Debug|Win32
		{E4505A22-7591-FEDF-6B9F-4FF8AB727FF9}.Debug|Win32.Build.0 = Debug|Win32
		{E4505A22-7591-FEDF-6B9F-4FF8AB727FF9}.Debug|x64.ActiveCfg = Debug|x64
		{E4505A22-7591-FEDF-6B9F-4FF8AB727FF9}.Debug|x64.Build.0 = Debug|x64
		{E4505A22-7591-FEDF-6B9F-4FF8AB727FF9}.Release|Win32.ActiveCfg = Release|Win32
		{E4505A22-7591-FEDF-6B9F-4FF8AB727FF9}.Release|Win32.Build.0 = Release|Win32
		{E4505A22-7591-FEDF-6B9F-4FF8AB727FF9}.Release|x64.ActiveCfg = Release|x64
		{E4505A22-7591-FEDF-6B9F-4FF8AB727FF9}.Release|x64.Build.0 = Release|x64
		{E7E494C8-F0D0-4376-4006-C691BB4233EF}.Debug|Win32.ActiveCfg = Debug|Win32
		{E7E494C8-F0D0-4376-4006-C691BB4233EF}.Debug|Win32.Build.0 = Debug|Win32
		{E7E494C8-F0D0-4376-4006-C691BB4233EF}.Debug|x64.ActiveCfg = Debug|x64
		{E7E494C8-F0D0-4376-4006-C691BB4233EF}.Debug|x64.Build.0 = Debug|x64
		{E7E494C8-F0D0-4376-4006-C691BB4233EF}.Release|Win32.ActiveCfg = Release|Win32
		{E7E494C8-F0D0-4376-4006-C691BB4233EF}.Release|Win32.Build.0 = Release|Win32
		{E7E494C8-F0D0-4376-4006-C691BB4233EF}.Release|x64.ActiveCfg = Release|x64
		{E7E494C8-F0D0-4376-4006-C691BB4233EF}.Release|x64.Build.0 = Release|x64
		{16FE3FD5-AA01-BD2A-2BFF-7785FFEDEDEC}.Debug|Win32.ActiveCfg = Debug|Win32
		{16FE3FD5-AA01-BD2A-2BFF-7785FFEDEDEC}.Debug|Win32.Build.0 = Debug|Win32
		{16FE3FD5-AA01-BD2A-2BFF-7785FFEDEDEC}.Debug|x64.ActiveCfg = Debug|x64
		{16FE3FD5-AA01-BD2A-2BFF-7785FFEDEDEC}.Debug|x64.Build.0 = Debug|x64
		{16FE3FD5-AA01-BD2A-2BFF-7785FFEDEDEC}.Release|Win32.ActiveCfg = Release|Win32
		{16FE3FD5-AA01-BD2A-2BFF-7785FFEDEDEC}.Release|Win32.Build.0 = Release|Win32
		{16FE3FD5-AA01-BD2A-2BFF-7785FFEDEDEC}.Release|x64.ActiveCfg = Release|x64
		{16FE3FD5-AA01-BD2A-2BFF-7785FFEDEDEC}.Release|x64.Build.0 = Release|x64
		{4E00D9E2-1F74-8D2E-1878-DCFE215138F5}.Debug|Win32.ActiveCfg = Debug|Win32
		{4E00D9E2-1F74-8D2E-1878-DCFE215138F5}.Debug|Win32.Build.0 = Debug|Win32
		{4E00D9E2-1F74-8D2E-1878-DCFE215138F5}.Debug|x64.ActiveCfg = Debug|x64
		{4E00D9E2-1F74-8D2E-1878-DCFE215138F5}.Debug|x64.Build.0 = Debug|x64
		{4E00D9E2-1F74-8D2E-1878-DCFE215138F5}.Release|Win32.ActiveCfg = Release|Win32
		{4E00D9E2-1F74-8D2E-1878-DCFE215138F5}.Release|Win32.Build.0 = Release|Win32
		{4E00D9E2-1F74-8D2E-1878-DCFE215138F5}.Release|x64.ActiveCfg = Release|x64
		{4E00D9E2-1F74-8D2E-1878-DCFE215138F5}.Release|x64.Build.0 = Release|x64
		{39FE2BB0-C2E7-DB9C-D514-19B221F3CA00}.Debug|Win32.ActiveCfg = Debug|Win32
		{39FE2BB0-C2E7-DB9C-D514-19B221F3CA00}.Debug|Win32.Build.0 = Debug|Win32
		{39FE2BB0-C2E7-DB9C-D514-19B221F3CA00}.Debug|x64.ActiveCfg = Debug|x64
		{39FE2BB0-C2E7-DB9C-D514-19B221F3CA00}.Debug|x64.Build.0 = Debug|x64
		{39FE2BB0-C2E7-DB9C-D514-19B221F3CA00}.Release|Win32.ActiveCfg = Release|Win32
		{39FE2BB0-C2E7-DB9C-D514-19B221F3CA00}.Release|Win32.Build.0 = Release|Win32
		{39FE2BB0-C2E7-DB9C-D514-19B221F3CA00}.Release|x64.ActiveCfg = Release|x64
		{39FE2BB0-C2E7-DB9C-D514-19B221F3CA00}.Release|x64.Build.0 = Release|x64
		{B6B37B26-252C-247D-DBA3-D03511AC9509}.Debug|Win32.ActiveCfg = Debug|Win32
		{B6B37B26-252C-247D-DBA3-D03511AC9509}.Debug|Win32.Build.0 = Debug|Win32
		{B6B37B26-252C-247D-DBA3-D03511AC9509}.Debug|x64.ActiveCfg = Debug|x64
		{B6B37B26-252C-247D-DBA3-D03511AC9509}.Debug|x64.Build.0 = Debug|x64
		{B6B37B26-252C-247D-DBA3-D03511AC9509}.Release|Win32.ActiveCfg = Release|Win32
		{B6B37B26-252C-247D-DBA3-D03511AC9509}.Release|Win32.Build.0 = Release|Win32
		{B6B37B26-252C-247D-DBA3-D03511AC9509}.Release|x64.ActiveCfg = Release|x64
		{B6B37B26-252C-247D-DBA3-D03511AC9509}.Release|x64.Build.0 = Release|x64
		{856BB8CF-B944-4D7A-9D59-4945316229AA}.Debug|Win32.ActiveCfg = Debug|Win32
		{856BB8CF-B944-4D7A-9D59-4945316229AA}.Debug|Win32.Build.0 = Debug|Win32
		{856BB8CF-B944-4D7A-9D59-4945316229AA}.Debug|x64.ActiveCfg = Debug|Win32
		{856BB8CF-B944-4D7A-9D59-4945316229AA}.Release|Win32.ActiveCfg = Release|Win32
		{856BB8CF-B944-4D7A-9D59-4945316229AA}.Release|Win32.Build.0 = Release|Win32
		{856BB8CF-B944-4D7A-9D59-4945316229AA}.Release|x64.ActiveCfg = Release|Win32
		{482DA264-EE88-4575-B208-87C4CB80CD08}.Debug|Win32.ActiveCfg = Debug|Win32
		{482DA264-EE88-4575-B208-87C4CB80CD08}.Debug|Win32.Build.0 = Debug|Win32
		{482DA264-EE88-4575-B208-87C4CB80CD08}.Debug|x64.ActiveCfg = Debug|Win32
		{482DA264-EE88-4575-B208-87C4CB80CD08}.Release|Win32.ActiveCfg = Release|Win32
		{482DA264-EE88-4575-B208-87C4CB80CD08}.Release|Win32.Build.0 = Release|Win32
		{482DA264-EE88-4575-B208-87C4CB80CD08}.Release|x64.ActiveCfg = Release|Win32
		{1DEAC0D1-003D-95F6-6693-EF0F1A5C733A}.Debug|Win32.ActiveCfg = Debug|Win32
		{1DEAC0D1-003D-95F6-6693-EF0F1A5C733A}.Debug|Win32.Build.0 = Debug|Win32
		{1DEAC0D1-003D-95F6-6693-EF0F1A5C733A}.Debug|x64.ActiveCfg = Debug|x64
		{1DEAC0D1-003D-95F6-6693-EF0F1A5C733A}.Debug|x64.Build.0 = Debug|x64
		{1DEAC0D1-003D-95F6-6693-EF0F1A5C733A}.Release|Win32.ActiveCfg = Release|Win32
		{1DEAC0D1-003D-95F6-6693-EF0F1A5C733A}.Release|Win32.Build.0 = Release|Win32
		{1DEAC0D1-003D-95F6-6693-EF0F1A5C733A}.Release|x64.ActiveCfg = Release|x64
		{1DEAC0D1-003D-95F6-6693-EF0F1A5C733A}.Release|x64.Build.0 = Release|x64
		{C93CB6A3-741A-2433-10D3-FC2CE462281B}.Debug|Win32.ActiveCfg = Debug|Win32
		{C93CB6A3-741A-2433-10D3-FC2CE462281B}.Debug|Win32.Build.0 = Debug|Win32
		{C93CB6A3-741A-2433-10D3-FC2CE462281B}.Debug|x64.ActiveCfg = Debug|x64
		{C93CB6A3-741A-2433-10D3-FC2CE462281B}.Debug|x64.Build.0 = Debug|x64
		{C93CB6A3-741A-2433-10D3-FC2CE462281B}.Release|Win32.ActiveCfg = Release|Win32
		{C93CB6A3-741A-2433-10D3-FC2CE462281B}.Release|Win32.Build.0 = Release|Win32
		{C93CB6A3-741A-2433-10D3-FC2CE462281B}.Release|x64.ActiveCfg = Release|x64
		{C93CB6A3-741A-2433-10D3-FC2CE462281B}.Release|x64.Build.0 = Release|x64
		{CC4CC1BB-4534-3322-5D30-6F7B749E7CDE}.Debug|Win32.ActiveCfg = Debug|Win32
		{CC4CC1BB-4534-3322-5D30-6F7B749E7CDE}.Debug|Win32.Build.0 = Debug|Win32
		{CC4CC1BB-4534-3322-5D30-6F7B749E7CDE}.Debug|x64.ActiveCfg = Debug|x64
		{CC4CC1BB-4534-3322-5D30-6F7B749E7CDE}.Debug|x64.Build.0 = Debug|x64
		{CC4CC1BB-4534-3322-5D30-6F7B749E7CDE}.Release|Win32.ActiveCfg = Release|Win32
		{CC4CC1BB-4534-3322-5D30-6F7B749E7CDE}.Release|Win32.Build.0 = Release|Win32
		{CC4CC1BB-4534-3322-5D30-6F7B749E7CDE}.Release|x64.ActiveCfg = Release|x64
		{CC4CC1BB-4534-3322-5D30-6F7B749E7CDE}.Release|x64.Build.0 = Release|x64
		{AC613F26-3B4F-2DF0-F78C-52B6D0770C2D}.Debug|Win32.ActiveCfg = Debug|Win32
		{AC613F26-3B4F-2DF0-F78C-52B6D0770C2D}.Debug|Win32.Build.0 = Debug|Win32
		{AC613F26-3B4F-2DF0-F78C-52B6D0770C2D}.Debug|x64.ActiveCfg = Debug|x64
		{AC613F26-3B4F-2DF0-F78C-52B6D0770C2D}.Debug|x64.Build.0 = Debug|x64
		{AC613F26-3B4F-2DF0-F78C-52B6D0770C2D}.Release|Win32.ActiveCfg = Release|Win32
		{AC613F26-3B4F-2DF0-F78C-52B6D0770C2D}.Release|Win32.Build.0 = Release|Win32
		{AC613F26-3B4F-2DF0-F78C-52B6D0770C2D}.Release|x64.ActiveCfg = Release|x64
		{AC613F26-3B4F-2DF0-F78C-52B6D0770C2D}.Release|x64.Build.0 = Release|x64
		{5569B280-3A89-5837-BD37-C3A976C6F597}.Debug|Win32.ActiveCfg = Debug|Win32
		{5569B280-3A89-5837-BD37-C3A976C6F597}.Debug|Win32.Build.0 = Debug|Win32
		{5569B280-3A89-5837-BD37-C3A976C6F597}.Debug|x64.ActiveCfg = Debug|x64
		{5569B280-3A89-5837-BD37-C3A976C6F597}.Debug|x64.Build.0 = Debug|x64
		{5569B280-3A89-5837-BD37-C3A976C6F597}.Release|Win32.ActiveCfg = Release|Win32
		{5569B280-3A89-5837-BD37-C3A976C6F597}.Release|Win32.Build.0 = Release|Win32
		{5569B280-3A89-5837-BD37-C3A976C6F597}.Release|x64.ActiveCfg = Release|x64
		{5569B280-3A89-5837-BD37-C3A976C6F597}.Release|x64.Build.0 = Release|x64
		{2E1012CB-6F96-4444-A4F8-F932F8421D34}.Debug|Win32.ActiveCfg = Debug|Win32
		{2E1012CB-6F96-4444-A4F8-F932F8421D34}.Debug|Win32.Build.0 = Debug|Win32
		{2E1012CB-6F96-4444-A4F8-F932F8421D34}.Debug|x64.ActiveCfg = Debug|Win32
		{2E1012CB-6F96-4444-A4F8-F932F8421D34}.Release|Win32.ActiveCfg = Release|Win32
		{2E1012CB-6F96-4444-A4F8-F932F8421D34}.Release|Win32.Build.0 = Release|Win32
		{2E1012CB-6F96-4444-A4F8-F932F8421D34}.Release|x64.ActiveCfg = Release|Win32
		{E3CC8540-9E4F-66F9-D430-EFDAE52DEDAC}.Debug|Win32.ActiveCfg = Debug|Win32
		{E3CC8540-9E4F-66F9-D430-EFDAE52DEDAC}.Debug|Win32.Build.0 = Debug|Win32
		{E3CC8540-9E4F-66F9-D430-EFDAE52DEDAC}.Debug|x64.ActiveCfg = Debug|x64
		{E3CC8540-9E4F-66F9-D430-EFDAE52DEDAC}.Debug|x64.Build.0 = Debug|x64
		{E3CC8540-9E4F-66F9-D430-EFDAE52DEDAC}.Release|Win32.ActiveCfg = Release|Win32
		{E3CC8540-9E4F-66F9-D430-EFDAE52DEDAC}.Release|Win32.Build.0 = Release|Win32
		{E3CC8540-9E4F-66F9-D430-EFDAE52DEDAC}.Release|x64.ActiveCfg = Release|x64
		{E3CC8540-9E4F-66F9-D430-EFDAE52DEDAC}.Release|x64.Build.0 = Release|x64
		{2F1E6265-95FC-4B51-A28E-F4EE8B5C579C}.Debug|Win32.ActiveCfg = Debug|Win32
		{2F1E6265-95FC-4B51-A28E-F4EE8B5C579C}.Debug|Win32.Build.0 = Debug|Win32
		{2F1E6265-95FC-4B51-A28E-F4EE8B5C579C}.Debug|x64.ActiveCfg = Debug|Win32
		{2F1E6265-95FC-4B51-A28E-F4EE8B5C579C}.Release|Win32.ActiveCfg = Release|Win32
		{2F1E6265-95FC-4B51-A28E-F4EE8B5C579C}.Release|Win32.Build.0 = Release|Win32
		{2F1E6265-95FC-4B51-A28E-F4EE8B5C579C}.Release|x64.ActiveCfg = Release|Win32
		{1AD2B7CF-C61C-43CD-8A27-4C52EF9CC5D3}.Debug|Win32.ActiveCfg = Debug|Win32
		{1AD2B7CF-C61C-43CD-8A27-4C52EF9CC5D3}.Debug|Win32.Build.0 = Debug|Win32
		{1AD2B7CF-C61C-43CD-8A27-4C52EF9CC5D3}.Debug|x64.ActiveCfg = Debug|Win32
		{1AD2B7CF-C61C-43CD-8A27-4C52EF9CC5D3}.Release|Win32.ActiveCfg = Release|Win32
		{1AD2B7CF-C61C-43CD-8A27-4C52EF9CC5D3}.Release|Win32.Build.0 = Release|Win32
		{1AD2B7CF-C61C-43CD-8A27-4C52EF9CC5D3}.Release|x64.ActiveCfg = Release|Win32
		{BD794CBA-B6AC-1A8F-784E-89F56FDA8B8D}.Debug|Win32.ActiveCfg = Debug|Win32
		{BD794CBA-B6AC-1A8F-784E-89F56FDA8B8D}.Debug|Win32.Build.0 = Debug|Win32
		{BD794CBA-B6AC-1A8F-784E-89F56FDA8B8D}.Debug|x64.ActiveCfg = Debug|x64
		{BD794CBA-B6AC-1A8F-784E-89F56FDA8B8D}.Debug|x64.Build.0 = Debug|x64
		{BD794CBA-B6AC-1A8F-784E-89F56FDA8B8D}.Release|Win32.ActiveCfg = Release|Win32
		{BD794CBA-B6AC-1A8F-784E-89F56FDA8B8D}.Release|Win32.Build.0 = Release|Win32
		{BD794CBA-B6AC-1A8F-784E-89F56FDA8B8D}.Release|x64.ActiveCfg = Release|x64
		{BD794CBA-B6AC-1A8F-784E-89F56FDA8B8D}.Release|x64.Build.0 = Release|x64
		{58C4E66E-F613-82E0-C039-7A453BCAC1E4}.Debug|Win32.ActiveCfg = Debug|Win32
		{58C4E66E-F613-82E0-C039-7A453BCAC1E4}.Debug|Win32.Build.0 = Debug|Win32
		{58C4E66E-F613-82E0-C039-7A453BCAC1E4}.Debug|x64.ActiveCfg = Debug|x64
		{58C4E66E-F613-82E0-C039-7A453BCAC1E4}.Debug|x64.Build.0 = Debug|x64
		{58C4E66E-F613-82E0-C039-7A453BCAC1E4}.Release|Win32.ActiveCfg = Release|Win32
		{58C4E66E-F613-82E0-C039-7A453BCAC1E4}.Release|Win32.Build.0 = Release|Win32
		{58C4E66E-F613-82E0-C039-7A453BCAC1E4}.Release|x64.ActiveCfg = Release|x64
		{58C4E66E-F613-82E0-C039-7A453BCAC1E4}.Release|x64.Build.0 = Release|x64
		{B49DE8DD-F78D-F7CF-052D-8F9AED62D088}.Debug|Win32.ActiveCfg = Debug|Win32
		{B49DE8DD-F78D-F7CF-052D-8F9AED62D088}.Debug|Win32.Build.0 = Debug|Win32
		{B49DE8DD-F78D-F7CF-052D-8F9AED62D088}.Debug|x64.ActiveCfg = Debug|x64
		{B49DE8DD-F78D-F7CF-052D-8F9AED62D088}.Debug|x64.Build.0 = Debug|x64
		{B49DE8DD-F78D-F7CF-052D-8F9AED62D088}.Release|Win32.ActiveCfg = Release|Win32
		{B49DE8DD-F78D-F7CF-052D-8F9AED62D088}.Release|Win32.Build.0 = Release|Win32
		{B49DE8DD-F78D-F7CF-052D-8F9AED62D088}.Release|x64.ActiveCfg = Release|x64
		{B49DE8DD-F78D-F7CF-052D-8F9AED62D088}.Release|x64.Build.0 = Release|x64
	EndGlobalSection
	GlobalSection(SolutionProperties) = preSolution
		HideSolutionNode = FALSE
	EndGlobalSection
	GlobalSection(NestedProjects) = preSolution
		{93F855F4-EE6F-F00D-F4A3-35577B1D5F76} = {47C1F596-3D0B-4265-B4D1-5F287CEA6D6A}
		{510DEDDC-ED2F-0A3B-ABE1-F7F1E6D75CF8} = {47C1F596-3D0B-4265-B4D1-5F287CEA6D6A}
		{E4505A22-7591-FEDF-6B9F-4FF8AB727FF9} = {8BDD5CFB-AD01-492F-99C0-E7E9B07B372C}
		{E7E494C8-F0D0-4376-4006-C691BB4233EF} = {47C1F596-3D0B-4265-B4D1-5F287CEA6D6A}
		{16FE3FD5-AA01-BD2A-2BFF-7785FFEDEDEC} = {47C1F596-3D0B-4265-B4D1-5F287CEA6D6A}
		{4E00D9E2-1F74-8D2E-1878-DCFE215138F5} = {47C1F596-3D0B-4265-B4D1-5F287CEA6D6A}
		{39FE2BB0-C2E7-DB9C-D514-19B221F3CA00} = {47C1F596-3D0B-4265-B4D1-5F287CEA6D6A}
		{B6B37B26-252C-247D-DBA3-D03511AC9509} = {47C1F596-3D0B-4265-B4D1-5F287CEA6D6A}
		{856BB8CF-B944-4D7A-9D59-4945316229AA} = {8BDD5CFB-AD01-492F-99C0-E7E9B07B372C}
		{482DA264-EE88-4575-B208-87C4CB80CD08} = {8BDD5CFB-AD01-492F-99C0-E7E9B07B372C}
		{1DEAC0D1-003D-95F6-6693-EF0F1A5C733A} = {47C1F596-3D0B-4265-B4D1-5F287CEA6D6A}
		{C93CB6A3-741A-2433-10D3-FC2CE462281B} = {47C1F596-3D0B-4265-B4D1-5F287CEA6D6A}
		{CC4CC1BB-4534-3322-5D30-6F7B749E7CDE} = {47C1F596-3D0B-4265-B4D1-5F287CEA6D6A}
		{AC613F26-3B4F-2DF0-F78C-52B6D0770C2D} = {47C1F596-3D0B-4265-B4D1-5F287CEA6D6A}
		{5569B280-3A89-5837-BD37-C3A976C6F597} = {47C1F596-3D0B-4265-B4D1-5F287CEA6D6A}
		{E3CC8540-9E4F-66F9-D430-EFDAE52DEDAC} = {47C1F596-3D0B-4265-B4D1-5F287CEA6D6A}
		{BD794CBA-B6AC-1A8F-784E-89F56FDA8B8D} = {47C1F596-3D0B-4265-B4D1-5F287CEA6D6A}
		{58C4E66E-F613-82E0-C039-7A453BCAC1E4} = {47C1F596-3D0B-4265-B4D1-5F287CEA6D6A}
		{B49DE8DD-F78D-F7CF-052D-8F9AED62D088} = {47C1F596-3D0B-4265-B4D1-5F287CEA6D6A}
	EndGlobalSection
EndGlobal
