<?xml version="1.0" encoding="utf-8"?>
<Project ToolsVersion="4.0" xmlns="http://schemas.microsoft.com/developer/msbuild/2003">
  <ItemGroup>
    <Filter Include="源文件">
      <UniqueIdentifier>{4FC737F1-C7A5-4376-A066-2A32D752A2FF}</UniqueIdentifier>
      <Extensions>cpp;c;cc;cxx;def;odl;idl;hpj;bat;asm;asmx</Extensions>
    </Filter>
    <Filter Include="头文件">
      <UniqueIdentifier>{93995380-89BD-4b04-88EB-625FBE52EBFB}</UniqueIdentifier>
      <Extensions>h;hpp;hxx;hm;inl;inc;xsd</Extensions>
    </Filter>
    <Filter Include="资源文件">
      <UniqueIdentifier>{67DA6AB6-F800-4c08-8B7A-83BB121AAD01}</UniqueIdentifier>
      <Extensions>rc;ico;cur;bmp;dlg;rc2;rct;bin;rgs;gif;jpg;jpeg;jpe;resx;tiff;tif;png;wav</Extensions>
    </Filter>
  </ItemGroup>
  <ItemGroup>
    <ClCompile Include="AC3AudioFileServerMediaSubsession.cpp">
      <Filter>源文件</Filter>
    </ClCompile>
    <ClCompile Include="AC3AudioRTPSink.cpp">
      <Filter>源文件</Filter>
    </ClCompile>
    <ClCompile Include="AC3AudioRTPSource.cpp">
      <Filter>源文件</Filter>
    </ClCompile>
    <ClCompile Include="AC3AudioStreamFramer.cpp">
      <Filter>源文件</Filter>
    </ClCompile>
    <ClCompile Include="ADTSAudioFileServerMediaSubsession.cpp">
      <Filter>源文件</Filter>
    </ClCompile>
    <ClCompile Include="ADTSAudioFileSource.cpp">
      <Filter>源文件</Filter>
    </ClCompile>
    <ClCompile Include="AMRAudioFileServerMediaSubsession.cpp">
      <Filter>源文件</Filter>
    </ClCompile>
    <ClCompile Include="AMRAudioFileSink.cpp">
      <Filter>源文件</Filter>
    </ClCompile>
    <ClCompile Include="AMRAudioFileSource.cpp">
      <Filter>源文件</Filter>
    </ClCompile>
    <ClCompile Include="AMRAudioRTPSink.cpp">
      <Filter>源文件</Filter>
    </ClCompile>
    <ClCompile Include="AMRAudioRTPSource.cpp">
      <Filter>源文件</Filter>
    </ClCompile>
    <ClCompile Include="AMRAudioSource.cpp">
      <Filter>源文件</Filter>
    </ClCompile>
    <ClCompile Include="AudioInputDevice.cpp">
      <Filter>源文件</Filter>
    </ClCompile>
    <ClCompile Include="AudioRTPSink.cpp">
      <Filter>源文件</Filter>
    </ClCompile>
    <ClCompile Include="AVIFileSink.cpp">
      <Filter>源文件</Filter>
    </ClCompile>
    <ClCompile Include="Base64.cpp">
      <Filter>源文件</Filter>
    </ClCompile>
    <ClCompile Include="BasicUDPSink.cpp">
      <Filter>源文件</Filter>
    </ClCompile>
    <ClCompile Include="BasicUDPSource.cpp">
      <Filter>源文件</Filter>
    </ClCompile>
    <ClCompile Include="BitVector.cpp">
      <Filter>源文件</Filter>
    </ClCompile>
    <ClCompile Include="ByteStreamFileSource.cpp">
      <Filter>源文件</Filter>
    </ClCompile>
    <ClCompile Include="ByteStreamMemoryBufferSource.cpp">
      <Filter>源文件</Filter>
    </ClCompile>
    <ClCompile Include="ByteStreamMultiFileSource.cpp">
      <Filter>源文件</Filter>
    </ClCompile>
    <ClCompile Include="DarwinInjector.cpp">
      <Filter>源文件</Filter>
    </ClCompile>
    <ClCompile Include="DeviceSource.cpp">
      <Filter>源文件</Filter>
    </ClCompile>
    <ClCompile Include="DigestAuthentication.cpp">
      <Filter>源文件</Filter>
    </ClCompile>
    <ClCompile Include="DVVideoFileServerMediaSubsession.cpp">
      <Filter>源文件</Filter>
    </ClCompile>
    <ClCompile Include="DVVideoRTPSink.cpp">
      <Filter>源文件</Filter>
    </ClCompile>
    <ClCompile Include="DVVideoRTPSource.cpp">
      <Filter>源文件</Filter>
    </ClCompile>
    <ClCompile Include="DVVideoStreamFramer.cpp">
      <Filter>源文件</Filter>
    </ClCompile>
    <ClCompile Include="EBMLNumber.cpp">
      <Filter>源文件</Filter>
    </ClCompile>
    <ClCompile Include="FileServerMediaSubsession.cpp">
      <Filter>源文件</Filter>
    </ClCompile>
    <ClCompile Include="FileSink.cpp">
      <Filter>源文件</Filter>
    </ClCompile>
    <ClCompile Include="FramedFileSource.cpp">
      <Filter>源文件</Filter>
    </ClCompile>
    <ClCompile Include="FramedFilter.cpp">
      <Filter>源文件</Filter>
    </ClCompile>
    <ClCompile Include="FramedSource.cpp">
      <Filter>源文件</Filter>
    </ClCompile>
    <ClCompile Include="GSMAudioRTPSink.cpp">
      <Filter>源文件</Filter>
    </ClCompile>
    <ClCompile Include="H261VideoRTPSource.cpp">
      <Filter>源文件</Filter>
    </ClCompile>
    <ClCompile Include="H263plusVideoFileServerMediaSubsession.cpp">
      <Filter>源文件</Filter>
    </ClCompile>
    <ClCompile Include="H263plusVideoRTPSink.cpp">
      <Filter>源文件</Filter>
    </ClCompile>
    <ClCompile Include="H263plusVideoRTPSource.cpp">
      <Filter>源文件</Filter>
    </ClCompile>
    <ClCompile Include="H263plusVideoStreamFramer.cpp">
      <Filter>源文件</Filter>
    </ClCompile>
    <ClCompile Include="H263plusVideoStreamParser.cpp">
      <Filter>源文件</Filter>
    </ClCompile>
    <ClCompile Include="H264or5VideoFileSink.cpp">
      <Filter>源文件</Filter>
    </ClCompile>
    <ClCompile Include="H264or5VideoRTPSink.cpp">
      <Filter>源文件</Filter>
    </ClCompile>
    <ClCompile Include="H264or5VideoStreamDiscreteFramer.cpp">
      <Filter>源文件</Filter>
    </ClCompile>
    <ClCompile Include="H264or5VideoStreamFramer.cpp">
      <Filter>源文件</Filter>
    </ClCompile>
    <ClCompile Include="H264VideoFileServerMediaSubsession.cpp">
      <Filter>源文件</Filter>
    </ClCompile>
    <ClCompile Include="H264VideoFileSink.cpp">
      <Filter>源文件</Filter>
    </ClCompile>
    <ClCompile Include="H264VideoRTPSink.cpp">
      <Filter>源文件</Filter>
    </ClCompile>
    <ClCompile Include="H264VideoRTPSource.cpp">
      <Filter>源文件</Filter>
    </ClCompile>
    <ClCompile Include="H264VideoStreamDiscreteFramer.cpp">
      <Filter>源文件</Filter>
    </ClCompile>
    <ClCompile Include="H264VideoStreamFramer.cpp">
      <Filter>源文件</Filter>
    </ClCompile>
    <ClCompile Include="H265VideoFileServerMediaSubsession.cpp">
      <Filter>源文件</Filter>
    </ClCompile>
    <ClCompile Include="H265VideoFileSink.cpp">
      <Filter>源文件</Filter>
    </ClCompile>
    <ClCompile Include="H265VideoRTPSink.cpp">
      <Filter>源文件</Filter>
    </ClCompile>
    <ClCompile Include="H265VideoRTPSource.cpp">
      <Filter>源文件</Filter>
    </ClCompile>
    <ClCompile Include="H265VideoStreamDiscreteFramer.cpp">
      <Filter>源文件</Filter>
    </ClCompile>
    <ClCompile Include="H265VideoStreamFramer.cpp">
      <Filter>源文件</Filter>
    </ClCompile>
    <ClCompile Include="InputFile.cpp">
      <Filter>源文件</Filter>
    </ClCompile>
    <ClCompile Include="JPEGVideoRTPSink.cpp">
      <Filter>源文件</Filter>
    </ClCompile>
    <ClCompile Include="JPEGVideoRTPSource.cpp">
      <Filter>源文件</Filter>
    </ClCompile>
    <ClCompile Include="JPEGVideoSource.cpp">
      <Filter>源文件</Filter>
    </ClCompile>
    <ClCompile Include="Locale.cpp">
      <Filter>源文件</Filter>
    </ClCompile>
    <ClCompile Include="MatroskaDemuxedTrack.cpp">
      <Filter>源文件</Filter>
    </ClCompile>
    <ClCompile Include="MatroskaFile.cpp">
      <Filter>源文件</Filter>
    </ClCompile>
    <ClCompile Include="MatroskaFileParser.cpp">
      <Filter>源文件</Filter>
    </ClCompile>
    <ClCompile Include="MatroskaFileServerDemux.cpp">
      <Filter>源文件</Filter>
    </ClCompile>
    <ClCompile Include="MatroskaFileServerMediaSubsession.cpp">
      <Filter>源文件</Filter>
    </ClCompile>
    <ClCompile Include="Media.cpp">
      <Filter>源文件</Filter>
    </ClCompile>
    <ClCompile Include="MediaSession.cpp">
      <Filter>源文件</Filter>
    </ClCompile>
    <ClCompile Include="MediaSink.cpp">
      <Filter>源文件</Filter>
    </ClCompile>
    <ClCompile Include="MediaSource.cpp">
      <Filter>源文件</Filter>
    </ClCompile>
    <ClCompile Include="MP3ADU.cpp">
      <Filter>源文件</Filter>
    </ClCompile>
    <ClCompile Include="MP3ADUdescriptor.cpp">
      <Filter>源文件</Filter>
    </ClCompile>
    <ClCompile Include="MP3ADUinterleaving.cpp">
      <Filter>源文件</Filter>
    </ClCompile>
    <ClCompile Include="MP3ADURTPSink.cpp">
      <Filter>源文件</Filter>
    </ClCompile>
    <ClCompile Include="MP3ADURTPSource.cpp">
      <Filter>源文件</Filter>
    </ClCompile>
    <ClCompile Include="MP3ADUTranscoder.cpp">
      <Filter>源文件</Filter>
    </ClCompile>
    <ClCompile Include="MP3AudioFileServerMediaSubsession.cpp">
      <Filter>源文件</Filter>
    </ClCompile>
    <ClCompile Include="MP3AudioMatroskaFileServerMediaSubsession.cpp">
      <Filter>源文件</Filter>
    </ClCompile>
    <ClCompile Include="MP3FileSource.cpp">
      <Filter>源文件</Filter>
    </ClCompile>
    <ClCompile Include="MP3Internals.cpp">
      <Filter>源文件</Filter>
    </ClCompile>
    <ClCompile Include="MP3InternalsHuffman.cpp">
      <Filter>源文件</Filter>
    </ClCompile>
    <ClCompile Include="MP3InternalsHuffmanTable.cpp">
      <Filter>源文件</Filter>
    </ClCompile>
    <ClCompile Include="MP3StreamState.cpp">
      <Filter>源文件</Filter>
    </ClCompile>
    <ClCompile Include="MP3Transcoder.cpp">
      <Filter>源文件</Filter>
    </ClCompile>
    <ClCompile Include="MPEG1or2AudioRTPSink.cpp">
      <Filter>源文件</Filter>
    </ClCompile>
    <ClCompile Include="MPEG1or2AudioRTPSource.cpp">
      <Filter>源文件</Filter>
    </ClCompile>
    <ClCompile Include="MPEG1or2AudioStreamFramer.cpp">
      <Filter>源文件</Filter>
    </ClCompile>
    <ClCompile Include="MPEG1or2Demux.cpp">
      <Filter>源文件</Filter>
    </ClCompile>
    <ClCompile Include="MPEG1or2DemuxedElementaryStream.cpp">
      <Filter>源文件</Filter>
    </ClCompile>
    <ClCompile Include="MPEG1or2DemuxedServerMediaSubsession.cpp">
      <Filter>源文件</Filter>
    </ClCompile>
    <ClCompile Include="MPEG1or2FileServerDemux.cpp">
      <Filter>源文件</Filter>
    </ClCompile>
    <ClCompile Include="MPEG1or2VideoFileServerMediaSubsession.cpp">
      <Filter>源文件</Filter>
    </ClCompile>
    <ClCompile Include="MPEG1or2VideoRTPSink.cpp">
      <Filter>源文件</Filter>
    </ClCompile>
    <ClCompile Include="MPEG1or2VideoRTPSource.cpp">
      <Filter>源文件</Filter>
    </ClCompile>
    <ClCompile Include="MPEG1or2VideoStreamDiscreteFramer.cpp">
      <Filter>源文件</Filter>
    </ClCompile>
    <ClCompile Include="MPEG1or2VideoStreamFramer.cpp">
      <Filter>源文件</Filter>
    </ClCompile>
    <ClCompile Include="MPEG2IndexFromTransportStream.cpp">
      <Filter>源文件</Filter>
    </ClCompile>
    <ClCompile Include="MPEG2TransportFileServerMediaSubsession.cpp">
      <Filter>源文件</Filter>
    </ClCompile>
    <ClCompile Include="MPEG2TransportStreamFramer.cpp">
      <Filter>源文件</Filter>
    </ClCompile>
    <ClCompile Include="MPEG2TransportStreamFromESSource.cpp">
      <Filter>源文件</Filter>
    </ClCompile>
    <ClCompile Include="MPEG2TransportStreamFromPESSource.cpp">
      <Filter>源文件</Filter>
    </ClCompile>
    <ClCompile Include="MPEG2TransportStreamIndexFile.cpp">
      <Filter>源文件</Filter>
    </ClCompile>
    <ClCompile Include="MPEG2TransportStreamMultiplexor.cpp">
      <Filter>源文件</Filter>
    </ClCompile>
    <ClCompile Include="MPEG2TransportStreamTrickModeFilter.cpp">
      <Filter>源文件</Filter>
    </ClCompile>
    <ClCompile Include="MPEG2TransportUDPServerMediaSubsession.cpp">
      <Filter>源文件</Filter>
    </ClCompile>
    <ClCompile Include="MPEG4ESVideoRTPSink.cpp">
      <Filter>源文件</Filter>
    </ClCompile>
    <ClCompile Include="MPEG4ESVideoRTPSource.cpp">
      <Filter>源文件</Filter>
    </ClCompile>
    <ClCompile Include="MPEG4GenericRTPSink.cpp">
      <Filter>源文件</Filter>
    </ClCompile>
    <ClCompile Include="MPEG4GenericRTPSource.cpp">
      <Filter>源文件</Filter>
    </ClCompile>
    <ClCompile Include="MPEG4LATMAudioRTPSink.cpp">
      <Filter>源文件</Filter>
    </ClCompile>
    <ClCompile Include="MPEG4LATMAudioRTPSource.cpp">
      <Filter>源文件</Filter>
    </ClCompile>
    <ClCompile Include="MPEG4VideoFileServerMediaSubsession.cpp">
      <Filter>源文件</Filter>
    </ClCompile>
    <ClCompile Include="MPEG4VideoStreamDiscreteFramer.cpp">
      <Filter>源文件</Filter>
    </ClCompile>
    <ClCompile Include="MPEG4VideoStreamFramer.cpp">
      <Filter>源文件</Filter>
    </ClCompile>
    <ClCompile Include="MPEGVideoStreamFramer.cpp">
      <Filter>源文件</Filter>
    </ClCompile>
    <ClCompile Include="MPEGVideoStreamParser.cpp">
      <Filter>源文件</Filter>
    </ClCompile>
    <ClCompile Include="MultiFramedRTPSink.cpp">
      <Filter>源文件</Filter>
    </ClCompile>
    <ClCompile Include="MultiFramedRTPSource.cpp">
      <Filter>源文件</Filter>
    </ClCompile>
    <ClCompile Include="OggDemuxedTrack.cpp">
      <Filter>源文件</Filter>
    </ClCompile>
    <ClCompile Include="OggFile.cpp">
      <Filter>源文件</Filter>
    </ClCompile>
    <ClCompile Include="OggFileParser.cpp">
      <Filter>源文件</Filter>
    </ClCompile>
    <ClCompile Include="OggFileServerDemux.cpp">
      <Filter>源文件</Filter>
    </ClCompile>
    <ClCompile Include="OggFileServerMediaSubsession.cpp">
      <Filter>源文件</Filter>
    </ClCompile>
    <ClCompile Include="OggFileSink.cpp">
      <Filter>源文件</Filter>
    </ClCompile>
    <ClCompile Include="OnDemandServerMediaSubsession.cpp">
      <Filter>源文件</Filter>
    </ClCompile>
    <ClCompile Include="ourMD5.cpp">
      <Filter>源文件</Filter>
    </ClCompile>
    <ClCompile Include="OutputFile.cpp">
      <Filter>源文件</Filter>
    </ClCompile>
    <ClCompile Include="PassiveServerMediaSubsession.cpp">
      <Filter>源文件</Filter>
    </ClCompile>
    <ClCompile Include="ProxyServerMediaSession.cpp">
      <Filter>源文件</Filter>
    </ClCompile>
    <ClCompile Include="QCELPAudioRTPSource.cpp">
      <Filter>源文件</Filter>
    </ClCompile>
    <ClCompile Include="QuickTimeFileSink.cpp">
      <Filter>源文件</Filter>
    </ClCompile>
    <ClCompile Include="QuickTimeGenericRTPSource.cpp">
      <Filter>源文件</Filter>
    </ClCompile>
    <ClCompile Include="RTCP.cpp">
      <Filter>源文件</Filter>
    </ClCompile>
    <ClCompile Include="rtcp_from_spec.c">
      <Filter>源文件</Filter>
    </ClCompile>
    <ClCompile Include="RTPInterface.cpp">
      <Filter>源文件</Filter>
    </ClCompile>
    <ClCompile Include="RTPSink.cpp">
      <Filter>源文件</Filter>
    </ClCompile>
    <ClCompile Include="RTPSource.cpp">
      <Filter>源文件</Filter>
    </ClCompile>
    <ClCompile Include="RTSPClient.cpp">
      <Filter>源文件</Filter>
    </ClCompile>
    <ClCompile Include="RTSPCommon.cpp">
      <Filter>源文件</Filter>
    </ClCompile>
    <ClCompile Include="RTSPRegisterSender.cpp">
      <Filter>源文件</Filter>
    </ClCompile>
    <ClCompile Include="RTSPServer.cpp">
      <Filter>源文件</Filter>
    </ClCompile>
    <ClCompile Include="RTSPServerSupportingHTTPStreaming.cpp">
      <Filter>源文件</Filter>
    </ClCompile>
    <ClCompile Include="ServerMediaSession.cpp">
      <Filter>源文件</Filter>
    </ClCompile>
    <ClCompile Include="SimpleRTPSink.cpp">
      <Filter>源文件</Filter>
    </ClCompile>
    <ClCompile Include="SimpleRTPSource.cpp">
      <Filter>源文件</Filter>
    </ClCompile>
    <ClCompile Include="SIPClient.cpp">
      <Filter>源文件</Filter>
    </ClCompile>
    <ClCompile Include="StreamParser.cpp">
      <Filter>源文件</Filter>
    </ClCompile>
    <ClCompile Include="StreamReplicator.cpp">
      <Filter>源文件</Filter>
    </ClCompile>
    <ClCompile Include="T140TextRTPSink.cpp">
      <Filter>源文件</Filter>
    </ClCompile>
    <ClCompile Include="TCPStreamSink.cpp">
      <Filter>源文件</Filter>
    </ClCompile>
    <ClCompile Include="TextRTPSink.cpp">
      <Filter>源文件</Filter>
    </ClCompile>
    <ClCompile Include="TheoraVideoRTPSink.cpp">
      <Filter>源文件</Filter>
    </ClCompile>
    <ClCompile Include="TheoraVideoRTPSource.cpp">
      <Filter>源文件</Filter>
    </ClCompile>
    <ClCompile Include="uLawAudioFilter.cpp">
      <Filter>源文件</Filter>
    </ClCompile>
    <ClCompile Include="VideoRTPSink.cpp">
      <Filter>源文件</Filter>
    </ClCompile>
    <ClCompile Include="VorbisAudioRTPSink.cpp">
      <Filter>源文件</Filter>
    </ClCompile>
    <ClCompile Include="VorbisAudioRTPSource.cpp">
      <Filter>源文件</Filter>
    </ClCompile>
    <ClCompile Include="VP8VideoRTPSink.cpp">
      <Filter>源文件</Filter>
    </ClCompile>
    <ClCompile Include="VP8VideoRTPSource.cpp">
      <Filter>源文件</Filter>
    </ClCompile>
    <ClCompile Include="WAVAudioFileServerMediaSubsession.cpp">
      <Filter>源文件</Filter>
    </ClCompile>
    <ClCompile Include="WAVAudioFileSource.cpp">
      <Filter>源文件</Filter>
    </ClCompile>
  </ItemGroup>
  <ItemGroup>
    <ClInclude Include="EBMLNumber.hh">
      <Filter>头文件</Filter>
    </ClInclude>
    <ClInclude Include="H263plusVideoStreamParser.hh">
      <Filter>头文件</Filter>
    </ClInclude>
    <ClInclude Include="MatroskaDemuxedTrack.hh">
      <Filter>头文件</Filter>
    </ClInclude>
    <ClInclude Include="MatroskaFileParser.hh">
      <Filter>头文件</Filter>
    </ClInclude>
    <ClInclude Include="MatroskaFileServerMediaSubsession.hh">
      <Filter>头文件</Filter>
    </ClInclude>
    <ClInclude Include="MP3ADUdescriptor.hh">
      <Filter>头文件</Filter>
    </ClInclude>
    <ClInclude Include="MP3AudioMatroskaFileServerMediaSubsession.hh">
      <Filter>头文件</Filter>
    </ClInclude>
    <ClInclude Include="MP3Internals.hh">
      <Filter>头文件</Filter>
    </ClInclude>
    <ClInclude Include="MP3InternalsHuffman.hh">
      <Filter>头文件</Filter>
    </ClInclude>
    <ClInclude Include="MP3StreamState.hh">
      <Filter>头文件</Filter>
    </ClInclude>
    <ClInclude Include="MPEGVideoStreamParser.hh">
      <Filter>头文件</Filter>
    </ClInclude>
    <ClInclude Include="OggDemuxedTrack.hh">
      <Filter>头文件</Filter>
    </ClInclude>
    <ClInclude Include="OggFileParser.hh">
      <Filter>头文件</Filter>
    </ClInclude>
    <ClInclude Include="OggFileServerMediaSubsession.hh">
      <Filter>头文件</Filter>
    </ClInclude>
    <ClInclude Include="rtcp_from_spec.h">
      <Filter>头文件</Filter>
    </ClInclude>
    <ClInclude Include="StreamParser.hh" />
  </ItemGroup>
  <ItemGroup>
    <Text Include="ReadMe.txt" />
  </ItemGroup>
</Project>